
Microsoft Visual Studio Solution File, Format Version 12.00
# Visual Studio 15
VisualStudioVersion = 15.0.27703.2047
MinimumVisualStudioVersion = 10.0.40219.1
Project("{9A19103F-16F7-4668-BE54-9A1E7A4F7556}") = "TaskBroker", "TaskBroker\TaskBroker.csproj", "{460BDF44-2D05-411E-B321-D891480B2812}"
EndProject
Project("{9A19103F-16F7-4668-BE54-9A1E7A4F7556}") = "TaskCoordinator", "TaskCoordinator\TaskCoordinator.csproj", "{C6DCF053-77C5-4D8F-8615-9872993BA8BF}"
EndProject
Project("{9A19103F-16F7-4668-BE54-9A1E7A4F7556}") = "Shared", "Shared\Shared.csproj", "{F392CE69-5547-4FCB-936C-576FC1EC2E8E}"
EndProject
Project("{9A19103F-16F7-4668-BE54-9A1E7A4F7556}") = "Extensions.Logging.RollingFile", "Extensions.Logging.RollingFile\Extensions.Logging.RollingFile.csproj", "{1A40D2F8-D7E3-42DE-8CB8-5CCB87CACB08}"
EndProject
Project("{FAE04EC0-301F-11D3-BF4B-00C04F79EFBC}") = "SSSBLayer", "SSSBLayer\SSSBLayer.csproj", "{7B3C4CA8-15E9-4CC7-9FD1-C6E072CE4AD4}"
EndProject
Global
	GlobalSection(SolutionConfigurationPlatforms) = preSolution
		Debug|Any CPU = Debug|Any CPU
		Release|Any CPU = Release|Any CPU
	EndGlobalSection
	GlobalSection(ProjectConfigurationPlatforms) = postSolution
		{460BDF44-2D05-411E-B321-D891480B2812}.Debug|Any CPU.ActiveCfg = Debug|Any CPU
		{460BDF44-2D05-411E-B321-D891480B2812}.Debug|Any CPU.Build.0 = Debug|Any CPU
		{460BDF44-2D05-411E-B321-D891480B2812}.Release|Any CPU.ActiveCfg = Release|Any CPU
		{460BDF44-2D05-411E-B321-D891480B2812}.Release|Any CPU.Build.0 = Release|Any CPU
		{C6DCF053-77C5-4D8F-8615-9872993BA8BF}.Debug|Any CPU.ActiveCfg = Debug|Any CPU
		{C6DCF053-77C5-4D8F-8615-9872993BA8BF}.Debug|Any CPU.Build.0 = Debug|Any CPU
		{C6DCF053-77C5-4D8F-8615-9872993BA8BF}.Release|Any CPU.ActiveCfg = Release|Any CPU
		{C6DCF053-77C5-4D8F-8615-9872993BA8BF}.Release|Any CPU.Build.0 = Release|Any CPU
		{F392CE69-5547-4FCB-936C-576FC1EC2E8E}.Debug|Any CPU.ActiveCfg = Debug|Any CPU
		{F392CE69-5547-4FCB-936C-576FC1EC2E8E}.Debug|Any CPU.Build.0 = Debug|Any CPU
		{F392CE69-5547-4FCB-936C-576FC1EC2E8E}.Release|Any CPU.ActiveCfg = Release|Any CPU
		{F392CE69-5547-4FCB-936C-576FC1EC2E8E}.Release|Any CPU.Build.0 = Release|Any CPU
		{1A40D2F8-D7E3-42DE-8CB8-5CCB87CACB08}.Debug|Any CPU.ActiveCfg = Debug|Any CPU
		{1A40D2F8-D7E3-42DE-8CB8-5CCB87CACB08}.Debug|Any CPU.Build.0 = Debug|Any CPU
		{1A40D2F8-D7E3-42DE-8CB8-5CCB87CACB08}.Release|Any CPU.ActiveCfg = Release|Any CPU
		{1A40D2F8-D7E3-42DE-8CB8-5CCB87CACB08}.Release|Any CPU.Build.0 = Release|Any CPU
		{7B3C4CA8-15E9-4CC7-9FD1-C6E072CE4AD4}.Debug|Any CPU.ActiveCfg = Debug|Any CPU
		{7B3C4CA8-15E9-4CC7-9FD1-C6E072CE4AD4}.Debug|Any CPU.Build.0 = Debug|Any CPU
		{7B3C4CA8-15E9-4CC7-9FD1-C6E072CE4AD4}.Release|Any CPU.ActiveCfg = Release|Any CPU
		{7B3C4CA8-15E9-4CC7-9FD1-C6E072CE4AD4}.Release|Any CPU.Build.0 = Release|Any CPU
	EndGlobalSection
	GlobalSection(SolutionProperties) = preSolution
		HideSolutionNode = FALSE
	EndGlobalSection
	GlobalSection(ExtensibilityGlobals) = postSolution
		SolutionGuid = {F3F32A4A-01A7-40F1-B847-6671F403B576}
	EndGlobalSection
EndGlobal
